// !$*UTF8*$!
{
	archiveVersion = 1;
	classes = {
	};
	objectVersion = 56;
	objects = {

/* Begin PBXBuildFile section */
		66901A4929DE2BCA0057A573 /* ZenDenApp.swift in Sources */ = {isa = PBXBuildFile; fileRef = 66901A4829DE2BCA0057A573 /* ZenDenApp.swift */; };
		66901A4B29DE2BCA0057A573 /* ContentView.swift in Sources */ = {isa = PBXBuildFile; fileRef = 66901A4A29DE2BCA0057A573 /* ContentView.swift */; };
		66901A4D29DE2BCC0057A573 /* Assets.xcassets in Resources */ = {isa = PBXBuildFile; fileRef = 66901A4C29DE2BCC0057A573 /* Assets.xcassets */; };
		66901A5129DE2BCC0057A573 /* Preview Assets.xcassets in Resources */ = {isa = PBXBuildFile; fileRef = 66901A5029DE2BCC0057A573 /* Preview Assets.xcassets */; };
		66901A5B29DE2BCD0057A573 /* ZenDenTests.swift in Sources */ = {isa = PBXBuildFile; fileRef = 66901A5A29DE2BCD0057A573 /* ZenDenTests.swift */; };
		66901A6529DE2BCD0057A573 /* ZenDenUITests.swift in Sources */ = {isa = PBXBuildFile; fileRef = 66901A6429DE2BCD0057A573 /* ZenDenUITests.swift */; };
		66901A6729DE2BCD0057A573 /* ZenDenUITestsLaunchTests.swift in Sources */ = {isa = PBXBuildFile; fileRef = 66901A6629DE2BCD0057A573 /* ZenDenUITestsLaunchTests.swift */; };
/* End PBXBuildFile section */

/* Begin PBXContainerItemProxy section */
		66901A5729DE2BCD0057A573 /* PBXContainerItemProxy */ = {
			isa = PBXContainerItemProxy;
			containerPortal = 66901A3D29DE2BCA0057A573 /* Project object */;
			proxyType = 1;
			remoteGlobalIDString = 66901A4429DE2BCA0057A573;
			remoteInfo = ZenDen;
		};
		66901A6129DE2BCD0057A573 /* PBXContainerItemProxy */ = {
			isa = PBXContainerItemProxy;
			containerPortal = 66901A3D29DE2BCA0057A573 /* Project object */;
			proxyType = 1;
			remoteGlobalIDString = 66901A4429DE2BCA0057A573;
			remoteInfo = ZenDen;
		};
/* End PBXContainerItemProxy section */

/* Begin PBXFileReference section */
		66901A4529DE2BCA0057A573 /* ZenDen.app */ = {isa = PBXFileReference; explicitFileType = wrapper.application; includeInIndex = 0; path = ZenDen.app; sourceTree = BUILT_PRODUCTS_DIR; };
		66901A4829DE2BCA0057A573 /* ZenDenApp.swift */ = {isa = PBXFileReference; lastKnownFileType = sourcecode.swift; path = ZenDenApp.swift; sourceTree = "<group>"; };
		66901A4A29DE2BCA0057A573 /* ContentView.swift */ = {isa = PBXFileReference; lastKnownFileType = sourcecode.swift; path = ContentView.swift; sourceTree = "<group>"; };
		66901A4C29DE2BCC0057A573 /* Assets.xcassets */ = {isa = PBXFileReference; lastKnownFileType = folder.assetcatalog; path = Assets.xcassets; sourceTree = "<group>"; };
		66901A4E29DE2BCC0057A573 /* ZenDen.entitlements */ = {isa = PBXFileReference; lastKnownFileType = text.plist.entitlements; path = ZenDen.entitlements; sourceTree = "<group>"; };
		66901A5029DE2BCC0057A573 /* Preview Assets.xcassets */ = {isa = PBXFileReference; lastKnownFileType = folder.assetcatalog; path = "Preview Assets.xcassets"; sourceTree = "<group>"; };
		66901A5629DE2BCD0057A573 /* ZenDenTests.xctest */ = {isa = PBXFileReference; explicitFileType = wrapper.cfbundle; includeInIndex = 0; path = ZenDenTests.xctest; sourceTree = BUILT_PRODUCTS_DIR; };
		66901A5A29DE2BCD0057A573 /* ZenDenTests.swift */ = {isa = PBXFileReference; lastKnownFileType = sourcecode.swift; path = ZenDenTests.swift; sourceTree = "<group>"; };
		66901A6029DE2BCD0057A573 /* ZenDenUITests.xctest */ = {isa = PBXFileReference; explicitFileType = wrapper.cfbundle; includeInIndex = 0; path = ZenDenUITests.xctest; sourceTree = BUILT_PRODUCTS_DIR; };
		66901A6429DE2BCD0057A573 /* ZenDenUITests.swift */ = {isa = PBXFileReference; lastKnownFileType = sourcecode.swift; path = ZenDenUITests.swift; sourceTree = "<group>"; };
		66901A6629DE2BCD0057A573 /* ZenDenUITestsLaunchTests.swift */ = {isa = PBXFileReference; lastKnownFileType = sourcecode.swift; path = ZenDenUITestsLaunchTests.swift; sourceTree = "<group>"; };
/* End PBXFileReference section */

/* Begin PBXFrameworksBuildPhase section */
		66901A4229DE2BCA0057A573 /* Frameworks */ = {
			isa = PBXFrameworksBuildPhase;
			buildActionMask = 2147483647;
			files = (
			);
			runOnlyForDeploymentPostprocessing = 0;
		};
		66901A5329DE2BCD0057A573 /* Frameworks */ = {
			isa = PBXFrameworksBuildPhase;
			buildActionMask = 2147483647;
			files = (
			);
			runOnlyForDeploymentPostprocessing = 0;
		};
		66901A5D29DE2BCD0057A573 /* Frameworks */ = {
			isa = PBXFrameworksBuildPhase;
			buildActionMask = 2147483647;
			files = (
			);
			runOnlyForDeploymentPostprocessing = 0;
		};
/* End PBXFrameworksBuildPhase section */

/* Begin PBXGroup section */
		66901A3C29DE2BCA0057A573 = {
			isa = PBXGroup;
			children = (
				66901A4729DE2BCA0057A573 /* ZenDen */,
				66901A5929DE2BCD0057A573 /* ZenDenTests */,
				66901A6329DE2BCD0057A573 /* ZenDenUITests */,
				66901A4629DE2BCA0057A573 /* Products */,
			);
			sourceTree = "<group>";
		};
		66901A4629DE2BCA0057A573 /* Products */ = {
			isa = PBXGroup;
			children = (
				66901A4529DE2BCA0057A573 /* ZenDen.app */,
				66901A5629DE2BCD0057A573 /* ZenDenTests.xctest */,
				66901A6029DE2BCD0057A573 /* ZenDenUITests.xctest */,
			);
			name = Products;
			sourceTree = "<group>";
		};
		66901A4729DE2BCA0057A573 /* ZenDen */ = {
			isa = PBXGroup;
			children = (
				66901A4829DE2BCA0057A573 /* ZenDenApp.swift */,
				66901A4A29DE2BCA0057A573 /* ContentView.swift */,
				66901A4C29DE2BCC0057A573 /* Assets.xcassets */,
				66901A4E29DE2BCC0057A573 /* ZenDen.entitlements */,
				66901A4F29DE2BCC0057A573 /* Preview Content */,
			);
			path = ZenDen;
			sourceTree = "<group>";
		};
		66901A4F29DE2BCC0057A573 /* Preview Content */ = {
			isa = PBXGroup;
			children = (
				66901A5029DE2BCC0057A573 /* Preview Assets.xcassets */,
			);
			path = "Preview Content";
			sourceTree = "<group>";
		};
		66901A5929DE2BCD0057A573 /* ZenDenTests */ = {
			isa = PBXGroup;
			children = (
				66901A5A29DE2BCD0057A573 /* ZenDenTests.swift */,
			);
			path = ZenDenTests;
			sourceTree = "<group>";
		};
		66901A6329DE2BCD0057A573 /* ZenDenUITests */ = {
			isa = PBXGroup;
			children = (
				66901A6429DE2BCD0057A573 /* ZenDenUITests.swift */,
				66901A6629DE2BCD0057A573 /* ZenDenUITestsLaunchTests.swift */,
			);
			path = ZenDenUITests;
			sourceTree = "<group>";
		};
/* End PBXGroup section */

/* Begin PBXNativeTarget section */
		66901A4429DE2BCA0057A573 /* ZenDen */ = {
			isa = PBXNativeTarget;
			buildConfigurationList = 66901A6A29DE2BCD0057A573 /* Build configuration list for PBXNativeTarget "ZenDen" */;
			buildPhases = (
				66901A4129DE2BCA0057A573 /* Sources */,
				66901A4229DE2BCA0057A573 /* Frameworks */,
				66901A4329DE2BCA0057A573 /* Resources */,
			);
			buildRules = (
			);
			dependencies = (
			);
			name = ZenDen;
			productName = ZenDen;
			productReference = 66901A4529DE2BCA0057A573 /* ZenDen.app */;
			productType = "com.apple.product-type.application";
		};
		66901A5529DE2BCD0057A573 /* ZenDenTests */ = {
			isa = PBXNativeTarget;
			buildConfigurationList = 66901A6D29DE2BCD0057A573 /* Build configuration list for PBXNativeTarget "ZenDenTests" */;
			buildPhases = (
				66901A5229DE2BCD0057A573 /* Sources */,
				66901A5329DE2BCD0057A573 /* Frameworks */,
				66901A5429DE2BCD0057A573 /* Resources */,
			);
			buildRules = (
			);
			dependencies = (
				66901A5829DE2BCD0057A573 /* PBXTargetDependency */,
			);
			name = ZenDenTests;
			productName = ZenDenTests;
			productReference = 66901A5629DE2BCD0057A573 /* ZenDenTests.xctest */;
			productType = "com.apple.product-type.bundle.unit-test";
		};
		66901A5F29DE2BCD0057A573 /* ZenDenUITests */ = {
			isa = PBXNativeTarget;
			buildConfigurationList = 66901A7029DE2BCD0057A573 /* Build configuration list for PBXNativeTarget "ZenDenUITests" */;
			buildPhases = (
				66901A5C29DE2BCD0057A573 /* Sources */,
				66901A5D29DE2BCD0057A573 /* Frameworks */,
				66901A5E29DE2BCD0057A573 /* Resources */,
			);
			buildRules = (
			);
			dependencies = (
				66901A6229DE2BCD0057A573 /* PBXTargetDependency */,
			);
			name = ZenDenUITests;
			productName = ZenDenUITests;
			productReference = 66901A6029DE2BCD0057A573 /* ZenDenUITests.xctest */;
			productType = "com.apple.product-type.bundle.ui-testing";
		};
/* End PBXNativeTarget section */

/* Begin PBXProject section */
		66901A3D29DE2BCA0057A573 /* Project object */ = {
			isa = PBXProject;
			attributes = {
				BuildIndependentTargetsInParallel = 1;
				LastSwiftUpdateCheck = 1430;
				LastUpgradeCheck = 1430;
				TargetAttributes = {
					66901A4429DE2BCA0057A573 = {
						CreatedOnToolsVersion = 14.3;
					};
					66901A5529DE2BCD0057A573 = {
						CreatedOnToolsVersion = 14.3;
						TestTargetID = 66901A4429DE2BCA0057A573;
					};
					66901A5F29DE2BCD0057A573 = {
						CreatedOnToolsVersion = 14.3;
						TestTargetID = 66901A4429DE2BCA0057A573;
					};
				};
			};
			buildConfigurationList = 66901A4029DE2BCA0057A573 /* Build configuration list for PBXProject "ZenDen" */;
			compatibilityVersion = "Xcode 14.0";
			developmentRegion = en;
			hasScannedForEncodings = 0;
			knownRegions = (
				en,
				Base,
			);
			mainGroup = 66901A3C29DE2BCA0057A573;
			productRefGroup = 66901A4629DE2BCA0057A573 /* Products */;
			projectDirPath = "";
			projectRoot = "";
			targets = (
				66901A4429DE2BCA0057A573 /* ZenDen */,
				66901A5529DE2BCD0057A573 /* ZenDenTests */,
				66901A5F29DE2BCD0057A573 /* ZenDenUITests */,
			);
		};
/* End PBXProject section */

/* Begin PBXResourcesBuildPhase section */
		66901A4329DE2BCA0057A573 /* Resources */ = {
			isa = PBXResourcesBuildPhase;
			buildActionMask = 2147483647;
			files = (
				66901A5129DE2BCC0057A573 /* Preview Assets.xcassets in Resources */,
				66901A4D29DE2BCC0057A573 /* Assets.xcassets in Resources */,
			);
			runOnlyForDeploymentPostprocessing = 0;
		};
		66901A5429DE2BCD0057A573 /* Resources */ = {
			isa = PBXResourcesBuildPhase;
			buildActionMask = 2147483647;
			files = (
			);
			runOnlyForDeploymentPostprocessing = 0;
		};
		66901A5E29DE2BCD0057A573 /* Resources */ = {
			isa = PBXResourcesBuildPhase;
			buildActionMask = 2147483647;
			files = (
			);
			runOnlyForDeploymentPostprocessing = 0;
		};
/* End PBXResourcesBuildPhase section */

/* Begin PBXSourcesBuildPhase section */
		66901A4129DE2BCA0057A573 /* Sources */ = {
			isa = PBXSourcesBuildPhase;
			buildActionMask = 2147483647;
			files = (
				66901A4B29DE2BCA0057A573 /* ContentView.swift in Sources */,
				66901A4929DE2BCA0057A573 /* ZenDenApp.swift in Sources */,
			);
			runOnlyForDeploymentPostprocessing = 0;
		};
		66901A5229DE2BCD0057A573 /* Sources */ = {
			isa = PBXSourcesBuildPhase;
			buildActionMask = 2147483647;
			files = (
				66901A5B29DE2BCD0057A573 /* ZenDenTests.swift in Sources */,
			);
			runOnlyForDeploymentPostprocessing = 0;
		};
		66901A5C29DE2BCD0057A573 /* Sources */ = {
			isa = PBXSourcesBuildPhase;
			buildActionMask = 2147483647;
			files = (
				66901A6729DE2BCD0057A573 /* ZenDenUITestsLaunchTests.swift in Sources */,
				66901A6529DE2BCD0057A573 /* ZenDenUITests.swift in Sources */,
			);
			runOnlyForDeploymentPostprocessing = 0;
		};
/* End PBXSourcesBuildPhase section */

/* Begin PBXTargetDependency section */
		66901A5829DE2BCD0057A573 /* PBXTargetDependency */ = {
			isa = PBXTargetDependency;
			target = 66901A4429DE2BCA0057A573 /* ZenDen */;
			targetProxy = 66901A5729DE2BCD0057A573 /* PBXContainerItemProxy */;
		};
		66901A6229DE2BCD0057A573 /* PBXTargetDependency */ = {
			isa = PBXTargetDependency;
			target = 66901A4429DE2BCA0057A573 /* ZenDen */;
			targetProxy = 66901A6129DE2BCD0057A573 /* PBXContainerItemProxy */;
		};
/* End PBXTargetDependency section */

/* Begin XCBuildConfiguration section */
		66901A6829DE2BCD0057A573 /* Debug */ = {
			isa = XCBuildConfiguration;
			buildSettings = {
				ALWAYS_SEARCH_USER_PATHS = NO;
				CLANG_ANALYZER_NONNULL = YES;
				CLANG_ANALYZER_NUMBER_OBJECT_CONVERSION = YES_AGGRESSIVE;
				CLANG_CXX_LANGUAGE_STANDARD = "gnu++20";
				CLANG_ENABLE_MODULES = YES;
				CLANG_ENABLE_OBJC_ARC = YES;
				CLANG_ENABLE_OBJC_WEAK = YES;
				CLANG_WARN_BLOCK_CAPTURE_AUTORELEASING = YES;
				CLANG_WARN_BOOL_CONVERSION = YES;
				CLANG_WARN_COMMA = YES;
				CLANG_WARN_CONSTANT_CONVERSION = YES;
				CLANG_WARN_DEPRECATED_OBJC_IMPLEMENTATIONS = YES;
				CLANG_WARN_DIRECT_OBJC_ISA_USAGE = YES_ERROR;
				CLANG_WARN_DOCUMENTATION_COMMENTS = YES;
				CLANG_WARN_EMPTY_BODY = YES;
				CLANG_WARN_ENUM_CONVERSION = YES;
				CLANG_WARN_INFINITE_RECURSION = YES;
				CLANG_WARN_INT_CONVERSION = YES;
				CLANG_WARN_NON_LITERAL_NULL_CONVERSION = YES;
				CLANG_WARN_OBJC_IMPLICIT_RETAIN_SELF = YES;
				CLANG_WARN_OBJC_LITERAL_CONVERSION = YES;
				CLANG_WARN_OBJC_ROOT_CLASS = YES_ERROR;
				CLANG_WARN_QUOTED_INCLUDE_IN_FRAMEWORK_HEADER = YES;
				CLANG_WARN_RANGE_LOOP_ANALYSIS = YES;
				CLANG_WARN_STRICT_PROTOTYPES = YES;
				CLANG_WARN_SUSPICIOUS_MOVE = YES;
				CLANG_WARN_UNGUARDED_AVAILABILITY = YES_AGGRESSIVE;
				CLANG_WARN_UNREACHABLE_CODE = YES;
				CLANG_WARN__DUPLICATE_METHOD_MATCH = YES;
				COPY_PHASE_STRIP = NO;
				DEBUG_INFORMATION_FORMAT = dwarf;
				ENABLE_STRICT_OBJC_MSGSEND = YES;
				ENABLE_TESTABILITY = YES;
				GCC_C_LANGUAGE_STANDARD = gnu11;
				GCC_DYNAMIC_NO_PIC = NO;
				GCC_NO_COMMON_BLOCKS = YES;
				GCC_OPTIMIZATION_LEVEL = 0;
				GCC_PREPROCESSOR_DEFINITIONS = (
					"DEBUG=1",
					"$(inherited)",
				);
				GCC_WARN_64_TO_32_BIT_CONVERSION = YES;
				GCC_WARN_ABOUT_RETURN_TYPE = YES_ERROR;
				GCC_WARN_UNDECLARED_SELECTOR = YES;
				GCC_WARN_UNINITIALIZED_AUTOS = YES_AGGRESSIVE;
				GCC_WARN_UNUSED_FUNCTION = YES;
				GCC_WARN_UNUSED_VARIABLE = YES;
				MTL_ENABLE_DEBUG_INFO = INCLUDE_SOURCE;
				MTL_FAST_MATH = YES;
				ONLY_ACTIVE_ARCH = YES;
				SWIFT_ACTIVE_COMPILATION_CONDITIONS = DEBUG;
				SWIFT_OPTIMIZATION_LEVEL = "-Onone";
			};
			name = Debug;
		};
		66901A6929DE2BCD0057A573 /* Release */ = {
			isa = XCBuildConfiguration;
			buildSettings = {
				ALWAYS_SEARCH_USER_PATHS = NO;
				CLANG_ANALYZER_NONNULL = YES;
				CLANG_ANALYZER_NUMBER_OBJECT_CONVERSION = YES_AGGRESSIVE;
				CLANG_CXX_LANGUAGE_STANDARD = "gnu++20";
				CLANG_ENABLE_MODULES = YES;
				CLANG_ENABLE_OBJC_ARC = YES;
				CLANG_ENABLE_OBJC_WEAK = YES;
				CLANG_WARN_BLOCK_CAPTURE_AUTORELEASING = YES;
				CLANG_WARN_BOOL_CONVERSION = YES;
				CLANG_WARN_COMMA = YES;
				CLANG_WARN_CONSTANT_CONVERSION = YES;
				CLANG_WARN_DEPRECATED_OBJC_IMPLEMENTATIONS = YES;
				CLANG_WARN_DIRECT_OBJC_ISA_USAGE = YES_ERROR;
				CLANG_WARN_DOCUMENTATION_COMMENTS = YES;
				CLANG_WARN_EMPTY_BODY = YES;
				CLANG_WARN_ENUM_CONVERSION = YES;
				CLANG_WARN_INFINITE_RECURSION = YES;
				CLANG_WARN_INT_CONVERSION = YES;
				CLANG_WARN_NON_LITERAL_NULL_CONVERSION = YES;
				CLANG_WARN_OBJC_IMPLICIT_RETAIN_SELF = YES;
				CLANG_WARN_OBJC_LITERAL_CONVERSION = YES;
				CLANG_WARN_OBJC_ROOT_CLASS = YES_ERROR;
				CLANG_WARN_QUOTED_INCLUDE_IN_FRAMEWORK_HEADER = YES;
				CLANG_WARN_RANGE_LOOP_ANALYSIS = YES;
				CLANG_WARN_STRICT_PROTOTYPES = YES;
				CLANG_WARN_SUSPICIOUS_MOVE = YES;
				CLANG_WARN_UNGUARDED_AVAILABILITY = YES_AGGRESSIVE;
				CLANG_WARN_UNREACHABLE_CODE = YES;
				CLANG_WARN__DUPLICATE_METHOD_MATCH = YES;
				COPY_PHASE_STRIP = NO;
				DEBUG_INFORMATION_FORMAT = "dwarf-with-dsym";
				ENABLE_NS_ASSERTIONS = NO;
				ENABLE_STRICT_OBJC_MSGSEND = YES;
				GCC_C_LANGUAGE_STANDARD = gnu11;
				GCC_NO_COMMON_BLOCKS = YES;
				GCC_WARN_64_TO_32_BIT_CONVERSION = YES;
				GCC_WARN_ABOUT_RETURN_TYPE = YES_ERROR;
				GCC_WARN_UNDECLARED_SELECTOR = YES;
				GCC_WARN_UNINITIALIZED_AUTOS = YES_AGGRESSIVE;
				GCC_WARN_UNUSED_FUNCTION = YES;
				GCC_WARN_UNUSED_VARIABLE = YES;
				MTL_ENABLE_DEBUG_INFO = NO;
				MTL_FAST_MATH = YES;
				SWIFT_COMPILATION_MODE = wholemodule;
				SWIFT_OPTIMIZATION_LEVEL = "-O";
			};
			name = Release;
		};
		66901A6B29DE2BCD0057A573 /* Debug */ = {
			isa = XCBuildConfiguration;
			buildSettings = {
				ASSETCATALOG_COMPILER_APPICON_NAME = AppIcon;
				ASSETCATALOG_COMPILER_GLOBAL_ACCENT_COLOR_NAME = AccentColor;
				CODE_SIGN_ENTITLEMENTS = ZenDen/ZenDen.entitlements;
				CODE_SIGN_STYLE = Automatic;
				CURRENT_PROJECT_VERSION = 1;
				DEVELOPMENT_ASSET_PATHS = "\"ZenDen/Preview Content\"";
				DEVELOPMENT_TEAM = 36PK75B776;
				ENABLE_HARDENED_RUNTIME = YES;
				ENABLE_PREVIEWS = YES;
				GENERATE_INFOPLIST_FILE = YES;
				"INFOPLIST_KEY_UIApplicationSceneManifest_Generation[sdk=iphoneos*]" = YES;
				"INFOPLIST_KEY_UIApplicationSceneManifest_Generation[sdk=iphonesimulator*]" = YES;
				"INFOPLIST_KEY_UIApplicationSupportsIndirectInputEvents[sdk=iphoneos*]" = YES;
				"INFOPLIST_KEY_UIApplicationSupportsIndirectInputEvents[sdk=iphonesimulator*]" = YES;
				"INFOPLIST_KEY_UILaunchScreen_Generation[sdk=iphoneos*]" = YES;
				"INFOPLIST_KEY_UILaunchScreen_Generation[sdk=iphonesimulator*]" = YES;
				"INFOPLIST_KEY_UIStatusBarStyle[sdk=iphoneos*]" = UIStatusBarStyleDefault;
				"INFOPLIST_KEY_UIStatusBarStyle[sdk=iphonesimulator*]" = UIStatusBarStyleDefault;
				INFOPLIST_KEY_UISupportedInterfaceOrientations_iPad = "UIInterfaceOrientationPortrait UIInterfaceOrientationPortraitUpsideDown UIInterfaceOrientationLandscapeLeft UIInterfaceOrientationLandscapeRight";
				INFOPLIST_KEY_UISupportedInterfaceOrientations_iPhone = "UIInterfaceOrientationPortrait UIInterfaceOrientationLandscapeLeft UIInterfaceOrientationLandscapeRight";
				IPHONEOS_DEPLOYMENT_TARGET = 16.4;
				LD_RUNPATH_SEARCH_PATHS = "@executable_path/Frameworks";
				"LD_RUNPATH_SEARCH_PATHS[sdk=macosx*]" = "@executable_path/../Frameworks";
				MACOSX_DEPLOYMENT_TARGET = 13.3;
				MARKETING_VERSION = 1.0;
				PRODUCT_BUNDLE_IDENTIFIER = com.cb.ZenDen;
				PRODUCT_NAME = "$(TARGET_NAME)";
				SDKROOT = auto;
				SUPPORTED_PLATFORMS = "iphoneos iphonesimulator macosx";
				SWIFT_EMIT_LOC_STRINGS = YES;
				SWIFT_VERSION = 5.0;
				TARGETED_DEVICE_FAMILY = "1,2";
			};
			name = Debug;
		};
		66901A6C29DE2BCD0057A573 /* Release */ = {
			isa = XCBuildConfiguration;
			buildSettings = {
				ASSETCATALOG_COMPILER_APPICON_NAME = AppIcon;
				ASSETCATALOG_COMPILER_GLOBAL_ACCENT_COLOR_NAME = AccentColor;
				CODE_SIGN_ENTITLEMENTS = ZenDen/ZenDen.entitlements;
				CODE_SIGN_STYLE = Automatic;
				CURRENT_PROJECT_VERSION = 1;
				DEVELOPMENT_ASSET_PATHS = "\"ZenDen/Preview Content\"";
				DEVELOPMENT_TEAM = 36PK75B776;
				ENABLE_HARDENED_RUNTIME = YES;
				ENABLE_PREVIEWS = YES;
				GENERATE_INFOPLIST_FILE = YES;
				"INFOPLIST_KEY_UIApplicationSceneManifest_Generation[sdk=iphoneos*]" = YES;
				"INFOPLIST_KEY_UIApplicationSceneManifest_Generation[sdk=iphonesimulator*]" = YES;
				"INFOPLIST_KEY_UIApplicationSupportsIndirectInputEvents[sdk=iphoneos*]" = YES;
				"INFOPLIST_KEY_UIApplicationSupportsIndirectInputEvents[sdk=iphonesimulator*]" = YES;
				"INFOPLIST_KEY_UILaunchScreen_Generation[sdk=iphoneos*]" = YES;
				"INFOPLIST_KEY_UILaunchScreen_Generation[sdk=iphonesimulator*]" = YES;
				"INFOPLIST_KEY_UIStatusBarStyle[sdk=iphoneos*]" = UIStatusBarStyleDefault;
				"INFOPLIST_KEY_UIStatusBarStyle[sdk=iphonesimulator*]" = UIStatusBarStyleDefault;
				INFOPLIST_KEY_UISupportedInterfaceOrientations_iPad = "UIInterfaceOrientationPortrait UIInterfaceOrientationPortraitUpsideDown UIInterfaceOrientationLandscapeLeft UIInterfaceOrientationLandscapeRight";
				INFOPLIST_KEY_UISupportedInterfaceOrientations_iPhone = "UIInterfaceOrientationPortrait UIInterfaceOrientationLandscapeLeft UIInterfaceOrientationLandscapeRight";
				IPHONEOS_DEPLOYMENT_TARGET = 16.4;
				LD_RUNPATH_SEARCH_PATHS = "@executable_path/Frameworks";
				"LD_RUNPATH_SEARCH_PATHS[sdk=macosx*]" = "@executable_path/../Frameworks";
				MACOSX_DEPLOYMENT_TARGET = 13.3;
				MARKETING_VERSION = 1.0;
				PRODUCT_BUNDLE_IDENTIFIER = com.cb.ZenDen;
				PRODUCT_NAME = "$(TARGET_NAME)";
				SDKROOT = auto;
				SUPPORTED_PLATFORMS = "iphoneos iphonesimulator macosx";
				SWIFT_EMIT_LOC_STRINGS = YES;
				SWIFT_VERSION = 5.0;
				TARGETED_DEVICE_FAMILY = "1,2";
			};
			name = Release;
		};
		66901A6E29DE2BCD0057A573 /* Debug */ = {
			isa = XCBuildConfiguration;
			buildSettings = {
				ALWAYS_EMBED_SWIFT_STANDARD_LIBRARIES = YES;
				BUNDLE_LOADER = "$(TEST_HOST)";
				CODE_SIGN_STYLE = Automatic;
				CURRENT_PROJECT_VERSION = 1;
				DEVELOPMENT_TEAM = 36PK75B776;
				GENERATE_INFOPLIST_FILE = YES;
				IPHONEOS_DEPLOYMENT_TARGET = 16.4;
				MACOSX_DEPLOYMENT_TARGET = 13.3;
				MARKETING_VERSION = 1.0;
				PRODUCT_BUNDLE_IDENTIFIER = com.cb.ZenDenTests;
				PRODUCT_NAME = "$(TARGET_NAME)";
				SDKROOT = auto;
				SUPPORTED_PLATFORMS = "iphoneos iphonesimulator macosx";
				SWIFT_EMIT_LOC_STRINGS = NO;
				SWIFT_VERSION = 5.0;
				TARGETED_DEVICE_FAMILY = "1,2";
				TEST_HOST = "$(BUILT_PRODUCTS_DIR)/ZenDen.app/$(BUNDLE_EXECUTABLE_FOLDER_PATH)/ZenDen";
			};
			name = Debug;
		};
		66901A6F29DE2BCD0057A573 /* Release */ = {
			isa = XCBuildConfiguration;
			buildSettings = {
				ALWAYS_EMBED_SWIFT_STANDARD_LIBRARIES = YES;
				BUNDLE_LOADER = "$(TEST_HOST)";
				CODE_SIGN_STYLE = Automatic;
				CURRENT_PROJECT_VERSION = 1;
				DEVELOPMENT_TEAM = 36PK75B776;
				GENERATE_INFOPLIST_FILE = YES;
				IPHONEOS_DEPLOYMENT_TARGET = 16.4;
				MACOSX_DEPLOYMENT_TARGET = 13.3;
				MARKETING_VERSION = 1.0;
				PRODUCT_BUNDLE_IDENTIFIER = com.cb.ZenDenTests;
				PRODUCT_NAME = "$(TARGET_NAME)";
				SDKROOT = auto;
				SUPPORTED_PLATFORMS = "iphoneos iphonesimulator macosx";
				SWIFT_EMIT_LOC_STRINGS = NO;
				SWIFT_VERSION = 5.0;
				TARGETED_DEVICE_FAMILY = "1,2";
				TEST_HOST = "$(BUILT_PRODUCTS_DIR)/ZenDen.app/$(BUNDLE_EXECUTABLE_FOLDER_PATH)/ZenDen";
			};
			name = Release;
		};
		66901A7129DE2BCD0057A573 /* Debug */ = {
			isa = XCBuildConfiguration;
			buildSettings = {
				ALWAYS_EMBED_SWIFT_STANDARD_LIBRARIES = YES;
				CODE_SIGN_STYLE = Automatic;
				CURRENT_PROJECT_VERSION = 1;
				DEVELOPMENT_TEAM = 36PK75B776;
				GENERATE_INFOPLIST_FILE = YES;
				IPHONEOS_DEPLOYMENT_TARGET = 16.4;
				MACOSX_DEPLOYMENT_TARGET = 13.3;
				MARKETING_VERSION = 1.0;
				PRODUCT_BUNDLE_IDENTIFIER = com.cb.ZenDenUITests;
				PRODUCT_NAME = "$(TARGET_NAME)";
				SDKROOT = auto;
				SUPPORTED_PLATFORMS = "iphoneos iphonesimulator macosx";
				SWIFT_EMIT_LOC_STRINGS = NO;
				SWIFT_VERSION = 5.0;
				TARGETED_DEVICE_FAMILY = "1,2";
				TEST_TARGET_NAME = ZenDen;
			};
			name = Debug;
		};
		66901A7229DE2BCD0057A573 /* Release */ = {
			isa = XCBuildConfiguration;
			buildSettings = {
				ALWAYS_EMBED_SWIFT_STANDARD_LIBRARIES = YES;
				CODE_SIGN_STYLE = Automatic;
				CURRENT_PROJECT_VERSION = 1;
				DEVELOPMENT_TEAM = 36PK75B776;
				GENERATE_INFOPLIST_FILE = YES;
				IPHONEOS_DEPLOYMENT_TARGET = 16.4;
				MACOSX_DEPLOYMENT_TARGET = 13.3;
				MARKETING_VERSION = 1.0;
				PRODUCT_BUNDLE_IDENTIFIER = com.cb.ZenDenUITests;
				PRODUCT_NAME = "$(TARGET_NAME)";
				SDKROOT = auto;
				SUPPORTED_PLATFORMS = "iphoneos iphonesimulator macosx";
				SWIFT_EMIT_LOC_STRINGS = NO;
				SWIFT_VERSION = 5.0;
				TARGETED_DEVICE_FAMILY = "1,2";
				TEST_TARGET_NAME = ZenDen;
			};
			name = Release;
		};
/* End XCBuildConfiguration section */

/* Begin XCConfigurationList section */
		66901A4029DE2BCA0057A573 /* Build configuration list for PBXProject "ZenDen" */ = {
			isa = XCConfigurationList;
			buildConfigurations = (
				66901A6829DE2BCD0057A573 /* Debug */,
				66901A6929DE2BCD0057A573 /* Release */,
			);
			defaultConfigurationIsVisible = 0;
			defaultConfigurationName = Release;
		};
		66901A6A29DE2BCD0057A573 /* Build configuration list for PBXNativeTarget "ZenDen" */ = {
			isa = XCConfigurationList;
			buildConfigurations = (
				66901A6B29DE2BCD0057A573 /* Debug */,
				66901A6C29DE2BCD0057A573 /* Release */,
			);
			defaultConfigurationIsVisible = 0;
			defaultConfigurationName = Release;
		};
		66901A6D29DE2BCD0057A573 /* Build configuration list for PBXNativeTarget "ZenDenTests" */ = {
			isa = XCConfigurationList;
			buildConfigurations = (
				66901A6E29DE2BCD0057A573 /* Debug */,
				66901A6F29DE2BCD0057A573 /* Release */,
			);
			defaultConfigurationIsVisible = 0;
			defaultConfigurationName = Release;
		};
		66901A7029DE2BCD0057A573 /* Build configuration list for PBXNativeTarget "ZenDenUITests" */ = {
			isa = XCConfigurationList;
			buildConfigurations = (
				66901A7129DE2BCD0057A573 /* Debug */,
				66901A7229DE2BCD0057A573 /* Release */,
			);
			defaultConfigurationIsVisible = 0;
			defaultConfigurationName = Release;
		};
/* End XCConfigurationList section */
	};
	rootObject = 66901A3D29DE2BCA0057A573 /* Project object */;
}
